
Microsoft Visual Studio Solution File, Format Version 12.00
# Visual Studio Version 17
VisualStudioVersion = 17.6.33829.357
MinimumVisualStudioVersion = 10.0.40219.1
Project("{FAE04EC0-301F-11D3-BF4B-00C04F79EFBC}") = "ChristmasBackend", "ChristmasBackend\ChristmasBackend.csproj", "{9E19A493-5557-4F6C-89F4-506BEAB70B83}"
EndProject
Global
	GlobalSection(SolutionConfigurationPlatforms) = preSolution
		Debug|Any CPU = Debug|Any CPU
		Release|Any CPU = Release|Any CPU
	EndGlobalSection
	GlobalSection(ProjectConfigurationPlatforms) = postSolution
		{9E19A493-5557-4F6C-89F4-506BEAB70B83}.Debug|Any CPU.ActiveCfg = Debug|Any CPU
		{9E19A493-5557-4F6C-89F4-506BEAB70B83}.Debug|Any CPU.Build.0 = Debug|Any CPU
		{9E19A493-5557-4F6C-89F4-506BEAB70B83}.Release|Any CPU.ActiveCfg = Release|Any CPU
		{9E19A493-5557-4F6C-89F4-506BEAB70B83}.Release|Any CPU.Build.0 = Release|Any CPU
	EndGlobalSection
	GlobalSection(SolutionProperties) = preSolution
		HideSolutionNode = FALSE
	EndGlobalSection
	GlobalSection(ExtensibilityGlobals) = postSolution
		SolutionGuid = {9DE7983D-5770-44D1-A260-8B2DE2D66BD6}
	EndGlobalSection
EndGlobal
